<Solution>
  <Folder Name="/src/">
    <Project Path="src/B1Bridge.Api/B1Bridge.Api.csproj" />
    <Project Path="src/B1Bridge.Application/B1Bridge.Application.csproj" />
    <Project Path="src/B1Bridge.Domain/B1Bridge.Domain.csproj" />
    <Project Path="src/B1Bridge.Infrastructure/B1Bridge.Infrastructure.csproj" />
  </Folder>
</Solution>
